
Microsoft Visual Studio Solution File, Format Version 12.00
# Visual Studio Version 17
VisualStudioVersion = 17.0.31903.59
MinimumVisualStudioVersion = 10.0.40219.1
Project("{2150E333-8FDC-42A3-9474-1A3956D46DE8}") = "src", "src", "{827E0CD3-B72D-47B6-A68D-7590B98EB39B}"
EndProject
Project("{FAE04EC0-301F-11D3-BF4B-00C04F79EFBC}") = "ClaudeAllowHelper.Core", "src\ClaudeAllowHelper.Core\ClaudeAllowHelper.Core.csproj", "{08BE920C-D7EC-44EA-92FB-228B89A91929}"
EndProject
Project("{FAE04EC0-301F-11D3-BF4B-00C04F79EFBC}") = "ClaudeAllowHelper", "src\ClaudeAllowHelper\ClaudeAllowHelper.csproj", "{F78078CC-077E-43AF-B32D-60B338FD964F}"
EndProject
Project("{FAE04EC0-301F-11D3-BF4B-00C04F79EFBC}") = "ClaudeAllowHelper.Tests", "tests\ClaudeAllowHelper.Tests\ClaudeAllowHelper.Tests.csproj", "{02E4E7EA-2D7D-4FA2-A7DA-8B22F2A109D2}"
EndProject
Global
	GlobalSection(SolutionConfigurationPlatforms) = preSolution
		Debug|Any CPU = Debug|Any CPU
		Debug|x64 = Debug|x64
		Debug|x86 = Debug|x86
		Release|Any CPU = Release|Any CPU
		Release|x64 = Release|x64
		Release|x86 = Release|x86
	EndGlobalSection
	GlobalSection(ProjectConfigurationPlatforms) = postSolution
		{08BE920C-D7EC-44EA-92FB-228B89A91929}.Debug|Any CPU.ActiveCfg = Debug|Any CPU
		{08BE920C-D7EC-44EA-92FB-228B89A91929}.Debug|Any CPU.Build.0 = Debug|Any CPU
		{08BE920C-D7EC-44EA-92FB-228B89A91929}.Debug|x64.ActiveCfg = Debug|Any CPU
		{08BE920C-D7EC-44EA-92FB-228B89A91929}.Debug|x64.Build.0 = Debug|Any CPU
		{08BE920C-D7EC-44EA-92FB-228B89A91929}.Debug|x86.ActiveCfg = Debug|Any CPU
		{08BE920C-D7EC-44EA-92FB-228B89A91929}.Debug|x86.Build.0 = Debug|Any CPU
		{08BE920C-D7EC-44EA-92FB-228B89A91929}.Release|Any CPU.ActiveCfg = Release|Any CPU
		{08BE920C-D7EC-44EA-92FB-228B89A91929}.Release|Any CPU.Build.0 = Release|Any CPU
		{08BE920C-D7EC-44EA-92FB-228B89A91929}.Release|x64.ActiveCfg = Release|Any CPU
		{08BE920C-D7EC-44EA-92FB-228B89A91929}.Release|x64.Build.0 = Release|Any CPU
		{08BE920C-D7EC-44EA-92FB-228B89A91929}.Release|x86.ActiveCfg = Release|Any CPU
		{08BE920C-D7EC-44EA-92FB-228B89A91929}.Release|x86.Build.0 = Release|Any CPU
		{F78078CC-077E-43AF-B32D-60B338FD964F}.Debug|Any CPU.ActiveCfg = Debug|Any CPU
		{F78078CC-077E-43AF-B32D-60B338FD964F}.Debug|Any CPU.Build.0 = Debug|Any CPU
		{F78078CC-077E-43AF-B32D-60B338FD964F}.Debug|x64.ActiveCfg = Debug|Any CPU
		{F78078CC-077E-43AF-B32D-60B338FD964F}.Debug|x64.Build.0 = Debug|Any CPU
		{F78078CC-077E-43AF-B32D-60B338FD964F}.Debug|x86.ActiveCfg = Debug|Any CPU
		{F78078CC-077E-43AF-B32D-60B338FD964F}.Debug|x86.Build.0 = Debug|Any CPU
		{F78078CC-077E-43AF-B32D-60B338FD964F}.Release|Any CPU.ActiveCfg = Release|Any CPU
		{F78078CC-077E-43AF-B32D-60B338FD964F}.Release|Any CPU.Build.0 = Release|Any CPU
		{F78078CC-077E-43AF-B32D-60B338FD964F}.Release|x64.ActiveCfg = Release|Any CPU
		{F78078CC-077E-43AF-B32D-60B338FD964F}.Release|x64.Build.0 = Release|Any CPU
		{F78078CC-077E-43AF-B32D-60B338FD964F}.Release|x86.ActiveCfg = Release|Any CPU
		{F78078CC-077E-43AF-B32D-60B338FD964F}.Release|x86.Build.0 = Release|Any CPU
		{02E4E7EA-2D7D-4FA2-A7DA-8B22F2A109D2}.Debug|Any CPU.ActiveCfg = Debug|Any CPU
		{02E4E7EA-2D7D-4FA2-A7DA-8B22F2A109D2}.Debug|Any CPU.Build.0 = Debug|Any CPU
		{02E4E7EA-2D7D-4FA2-A7DA-8B22F2A109D2}.Debug|x64.ActiveCfg = Debug|Any CPU
		{02E4E7EA-2D7D-4FA2-A7DA-8B22F2A109D2}.Debug|x64.Build.0 = Debug|Any CPU
		{02E4E7EA-2D7D-4FA2-A7DA-8B22F2A109D2}.Debug|x86.ActiveCfg = Debug|Any CPU
		{02E4E7EA-2D7D-4FA2-A7DA-8B22F2A109D2}.Debug|x86.Build.0 = Debug|Any CPU
		{02E4E7EA-2D7D-4FA2-A7DA-8B22F2A109D2}.Release|Any CPU.ActiveCfg = Release|Any CPU
		{02E4E7EA-2D7D-4FA2-A7DA-8B22F2A109D2}.Release|Any CPU.Build.0 = Release|Any CPU
		{02E4E7EA-2D7D-4FA2-A7DA-8B22F2A109D2}.Release|x64.ActiveCfg = Release|Any CPU
		{02E4E7EA-2D7D-4FA2-A7DA-8B22F2A109D2}.Release|x64.Build.0 = Release|Any CPU
		{02E4E7EA-2D7D-4FA2-A7DA-8B22F2A109D2}.Release|x86.ActiveCfg = Release|Any CPU
		{02E4E7EA-2D7D-4FA2-A7DA-8B22F2A109D2}.Release|x86.Build.0 = Release|Any CPU
	EndGlobalSection
	GlobalSection(SolutionProperties) = preSolution
		HideSolutionNode = FALSE
	EndGlobalSection
	GlobalSection(NestedProjects) = preSolution
		{08BE920C-D7EC-44EA-92FB-228B89A91929} = {827E0CD3-B72D-47B6-A68D-7590B98EB39B}
		{F78078CC-077E-43AF-B32D-60B338FD964F} = {827E0CD3-B72D-47B6-A68D-7590B98EB39B}
		{02E4E7EA-2D7D-4FA2-A7DA-8B22F2A109D2} = {827E0CD3-B72D-47B6-A68D-7590B98EB39B}
	EndGlobalSection
EndGlobal
